
Microsoft Visual Studio Solution File, Format Version 12.00
# Visual Studio Version 17
VisualStudioVersion = 17.1.32319.34
MinimumVisualStudioVersion = 10.0.40219.1
Project("{2150E333-8FDC-42A3-9474-1A3956D46DE8}") = "Src", "Src", "{4F91FD3F-1931-44A8-B52C-6CE105E2938A}"
EndProject
Project("{9A19103F-16F7-4668-BE54-9A1E7A4F7556}") = "ManiaAPI.NadeoAPI", "Src\ManiaAPI.NadeoAPI\ManiaAPI.NadeoAPI.csproj", "{F75685DD-8842-4FAF-86C6-44EA068CA851}"
EndProject
Project("{9A19103F-16F7-4668-BE54-9A1E7A4F7556}") = "ManiaAPI.TrackmaniaIO", "Src\ManiaAPI.TrackmaniaIO\ManiaAPI.TrackmaniaIO.csproj", "{6AFF9C7E-1D2A-4DAA-9E4E-ADF0AF17F32C}"
EndProject
Project("{2150E333-8FDC-42A3-9474-1A3956D46DE8}") = "Tests", "Tests", "{96BF39EA-937E-400B-AAE6-7729AEEFF976}"
EndProject
Project("{9A19103F-16F7-4668-BE54-9A1E7A4F7556}") = "ManiaAPI.TrackmaniaIO.Tests", "Tests\ManiaAPI.TrackmaniaIO.Tests\ManiaAPI.TrackmaniaIO.Tests.csproj", "{87D86346-A0D1-46FD-90A9-6F68BC1854A9}"
EndProject
Project("{9A19103F-16F7-4668-BE54-9A1E7A4F7556}") = "ManiaAPI.TMX", "Src\ManiaAPI.TMX\ManiaAPI.TMX.csproj", "{96CD75A9-DA18-4F3B-8FF0-BAB8F066322D}"
EndProject
Project("{2150E333-8FDC-42A3-9474-1A3956D46DE8}") = "Solution Items", "Solution Items", "{1A89C5C0-0A74-4955-AC0B-3D11A4781AA0}"
	ProjectSection(SolutionItems) = preProject
		.editorconfig = .editorconfig
		README.md = README.md
	EndProjectSection
EndProject
Project("{9A19103F-16F7-4668-BE54-9A1E7A4F7556}") = "ManiaAPI.NadeoAPI.Tests", "Tests\ManiaAPI.NadeoAPI.Tests\ManiaAPI.NadeoAPI.Tests.csproj", "{A601929B-F1E4-460F-BABE-FC635E2543F2}"
EndProject
Project("{9A19103F-16F7-4668-BE54-9A1E7A4F7556}") = "ManiaAPI.TrackmaniaAPI", "Src\ManiaAPI.TrackmaniaAPI\ManiaAPI.TrackmaniaAPI.csproj", "{5E3E2AEE-85BD-4CEA-A4E0-C39C55901F7E}"
EndProject
Project("{9A19103F-16F7-4668-BE54-9A1E7A4F7556}") = "ManiaAPI.TrackmaniaAPI.Tests", "Tests\ManiaAPI.TrackmaniaAPI.Tests\ManiaAPI.TrackmaniaAPI.Tests.csproj", "{6B823AD1-EEC1-4865-BBED-DFFE9C1E18BD}"
EndProject
Project("{9A19103F-16F7-4668-BE54-9A1E7A4F7556}") = "ManiaAPI.XmlRpc.Tests", "Tests\ManiaAPI.XmlRpc.Tests\ManiaAPI.XmlRpc.Tests.csproj", "{88A49B67-50CB-4268-812E-107500595E86}"
EndProject
Project("{9A19103F-16F7-4668-BE54-9A1E7A4F7556}") = "ManiaAPI.TMX.Tests", "Tests\ManiaAPI.TMX.Tests\ManiaAPI.TMX.Tests.csproj", "{82C0A0F3-5E12-4059-966D-E1D0950A47E0}"
EndProject
Project("{2150E333-8FDC-42A3-9474-1A3956D46DE8}") = ".github", ".github", "{0F3FF23F-FB1B-4D8E-AC2D-830382C3B933}"
EndProject
Project("{2150E333-8FDC-42A3-9474-1A3956D46DE8}") = "workflows", "workflows", "{671BAD05-8FBD-4323-AA59-FF36AC9BD107}"
EndProject
Project("{9A19103F-16F7-4668-BE54-9A1E7A4F7556}") = "ManiaAPI.ManiaPlanetAPI", "Src\ManiaAPI.ManiaPlanetAPI\ManiaAPI.ManiaPlanetAPI.csproj", "{0DA4F2B6-45D1-4831-8066-3FA7B0E8C073}"
EndProject
Project("{9A19103F-16F7-4668-BE54-9A1E7A4F7556}") = "ManiaAPI.XmlRpc", "Src\ManiaAPI.XmlRpc\ManiaAPI.XmlRpc.csproj", "{12E64A81-6DE6-4189-828B-038E90D3F663}"
EndProject
Project("{9A19103F-16F7-4668-BE54-9A1E7A4F7556}") = "ManiaAPI.ManiaPlanetAPI.Tests", "Tests\ManiaAPI.ManiaPlanetAPI.Tests\ManiaAPI.ManiaPlanetAPI.Tests.csproj", "{AAECCC64-40DD-4E26-9D5C-4F31CBF1EB07}"
EndProject
Project("{2150E333-8FDC-42A3-9474-1A3956D46DE8}") = "Generators", "Generators", "{2F6E59E5-43E9-4853-A57D-7F0F6B979879}"
EndProject
Project("{9A19103F-16F7-4668-BE54-9A1E7A4F7556}") = "ManiaAPI.TMX.Generators", "Generators\ManiaAPI.TMX.Generators\ManiaAPI.TMX.Generators.csproj", "{9875E40C-6609-4649-A620-0E495462F6E1}"
EndProject
Project("{9A19103F-16F7-4668-BE54-9A1E7A4F7556}") = "ManiaAPI.ManiaPlanetAPI.Extensions.Hosting", "Src\ManiaAPI.ManiaPlanetAPI.Extensions.Hosting\ManiaAPI.ManiaPlanetAPI.Extensions.Hosting.csproj", "{16582104-A7CF-4BCF-9550-5F9095A57E60}"
EndProject
Project("{9A19103F-16F7-4668-BE54-9A1E7A4F7556}") = "ManiaAPI.NadeoAPI.Extensions.Gbx", "Src\ManiaAPI.NadeoAPI.Extensions.Gbx\ManiaAPI.NadeoAPI.Extensions.Gbx.csproj", "{766F17F2-306E-4E4B-89EB-75CDF2907F63}"
EndProject
Project("{9A19103F-16F7-4668-BE54-9A1E7A4F7556}") = "ManiaAPI.NadeoAPI.Extensions.Gbx.Tests", "Tests\ManiaAPI.NadeoAPI.Extensions.Gbx.Tests\ManiaAPI.NadeoAPI.Extensions.Gbx.Tests.csproj", "{BAD4BC26-CDE0-4F69-B35B-39A51871A407}"
EndProject
Project("{FAE04EC0-301F-11D3-BF4B-00C04F79EFBC}") = "ManiaAPI.TMX.Extensions.Gbx", "Src\ManiaAPI.TMX.Extensions.Gbx\ManiaAPI.TMX.Extensions.Gbx.csproj", "{D9BCFCDF-41B7-401A-994F-B7ABE1C35304}"
EndProject
Global
	GlobalSection(SolutionConfigurationPlatforms) = preSolution
		Debug|Any CPU = Debug|Any CPU
		Release|Any CPU = Release|Any CPU
	EndGlobalSection
	GlobalSection(ProjectConfigurationPlatforms) = postSolution
		{F75685DD-8842-4FAF-86C6-44EA068CA851}.Debug|Any CPU.ActiveCfg = Debug|Any CPU
		{F75685DD-8842-4FAF-86C6-44EA068CA851}.Debug|Any CPU.Build.0 = Debug|Any CPU
		{F75685DD-8842-4FAF-86C6-44EA068CA851}.Release|Any CPU.ActiveCfg = Release|Any CPU
		{F75685DD-8842-4FAF-86C6-44EA068CA851}.Release|Any CPU.Build.0 = Release|Any CPU
		{6AFF9C7E-1D2A-4DAA-9E4E-ADF0AF17F32C}.Debug|Any CPU.ActiveCfg = Debug|Any CPU
		{6AFF9C7E-1D2A-4DAA-9E4E-ADF0AF17F32C}.Debug|Any CPU.Build.0 = Debug|Any CPU
		{6AFF9C7E-1D2A-4DAA-9E4E-ADF0AF17F32C}.Release|Any CPU.ActiveCfg = Release|Any CPU
		{6AFF9C7E-1D2A-4DAA-9E4E-ADF0AF17F32C}.Release|Any CPU.Build.0 = Release|Any CPU
		{87D86346-A0D1-46FD-90A9-6F68BC1854A9}.Debug|Any CPU.ActiveCfg = Debug|Any CPU
		{87D86346-A0D1-46FD-90A9-6F68BC1854A9}.Debug|Any CPU.Build.0 = Debug|Any CPU
		{87D86346-A0D1-46FD-90A9-6F68BC1854A9}.Release|Any CPU.ActiveCfg = Release|Any CPU
		{87D86346-A0D1-46FD-90A9-6F68BC1854A9}.Release|Any CPU.Build.0 = Release|Any CPU
		{96CD75A9-DA18-4F3B-8FF0-BAB8F066322D}.Debug|Any CPU.ActiveCfg = Debug|Any CPU
		{96CD75A9-DA18-4F3B-8FF0-BAB8F066322D}.Debug|Any CPU.Build.0 = Debug|Any CPU
		{96CD75A9-DA18-4F3B-8FF0-BAB8F066322D}.Release|Any CPU.ActiveCfg = Release|Any CPU
		{96CD75A9-DA18-4F3B-8FF0-BAB8F066322D}.Release|Any CPU.Build.0 = Release|Any CPU
		{A601929B-F1E4-460F-BABE-FC635E2543F2}.Debug|Any CPU.ActiveCfg = Debug|Any CPU
		{A601929B-F1E4-460F-BABE-FC635E2543F2}.Debug|Any CPU.Build.0 = Debug|Any CPU
		{A601929B-F1E4-460F-BABE-FC635E2543F2}.Release|Any CPU.ActiveCfg = Release|Any CPU
		{A601929B-F1E4-460F-BABE-FC635E2543F2}.Release|Any CPU.Build.0 = Release|Any CPU
		{5E3E2AEE-85BD-4CEA-A4E0-C39C55901F7E}.Debug|Any CPU.ActiveCfg = Debug|Any CPU
		{5E3E2AEE-85BD-4CEA-A4E0-C39C55901F7E}.Debug|Any CPU.Build.0 = Debug|Any CPU
		{5E3E2AEE-85BD-4CEA-A4E0-C39C55901F7E}.Release|Any CPU.ActiveCfg = Release|Any CPU
		{5E3E2AEE-85BD-4CEA-A4E0-C39C55901F7E}.Release|Any CPU.Build.0 = Release|Any CPU
		{6B823AD1-EEC1-4865-BBED-DFFE9C1E18BD}.Debug|Any CPU.ActiveCfg = Debug|Any CPU
		{6B823AD1-EEC1-4865-BBED-DFFE9C1E18BD}.Debug|Any CPU.Build.0 = Debug|Any CPU
		{6B823AD1-EEC1-4865-BBED-DFFE9C1E18BD}.Release|Any CPU.ActiveCfg = Release|Any CPU
		{6B823AD1-EEC1-4865-BBED-DFFE9C1E18BD}.Release|Any CPU.Build.0 = Release|Any CPU
		{88A49B67-50CB-4268-812E-107500595E86}.Debug|Any CPU.ActiveCfg = Debug|Any CPU
		{88A49B67-50CB-4268-812E-107500595E86}.Debug|Any CPU.Build.0 = Debug|Any CPU
		{88A49B67-50CB-4268-812E-107500595E86}.Release|Any CPU.ActiveCfg = Release|Any CPU
		{88A49B67-50CB-4268-812E-107500595E86}.Release|Any CPU.Build.0 = Release|Any CPU
		{82C0A0F3-5E12-4059-966D-E1D0950A47E0}.Debug|Any CPU.ActiveCfg = Debug|Any CPU
		{82C0A0F3-5E12-4059-966D-E1D0950A47E0}.Debug|Any CPU.Build.0 = Debug|Any CPU
		{82C0A0F3-5E12-4059-966D-E1D0950A47E0}.Release|Any CPU.ActiveCfg = Release|Any CPU
		{82C0A0F3-5E12-4059-966D-E1D0950A47E0}.Release|Any CPU.Build.0 = Release|Any CPU
		{0DA4F2B6-45D1-4831-8066-3FA7B0E8C073}.Debug|Any CPU.ActiveCfg = Debug|Any CPU
		{0DA4F2B6-45D1-4831-8066-3FA7B0E8C073}.Debug|Any CPU.Build.0 = Debug|Any CPU
		{0DA4F2B6-45D1-4831-8066-3FA7B0E8C073}.Release|Any CPU.ActiveCfg = Release|Any CPU
		{0DA4F2B6-45D1-4831-8066-3FA7B0E8C073}.Release|Any CPU.Build.0 = Release|Any CPU
		{12E64A81-6DE6-4189-828B-038E90D3F663}.Debug|Any CPU.ActiveCfg = Debug|Any CPU
		{12E64A81-6DE6-4189-828B-038E90D3F663}.Debug|Any CPU.Build.0 = Debug|Any CPU
		{12E64A81-6DE6-4189-828B-038E90D3F663}.Release|Any CPU.ActiveCfg = Release|Any CPU
		{12E64A81-6DE6-4189-828B-038E90D3F663}.Release|Any CPU.Build.0 = Release|Any CPU
		{AAECCC64-40DD-4E26-9D5C-4F31CBF1EB07}.Debug|Any CPU.ActiveCfg = Debug|Any CPU
		{AAECCC64-40DD-4E26-9D5C-4F31CBF1EB07}.Debug|Any CPU.Build.0 = Debug|Any CPU
		{AAECCC64-40DD-4E26-9D5C-4F31CBF1EB07}.Release|Any CPU.ActiveCfg = Release|Any CPU
		{AAECCC64-40DD-4E26-9D5C-4F31CBF1EB07}.Release|Any CPU.Build.0 = Release|Any CPU
		{9875E40C-6609-4649-A620-0E495462F6E1}.Debug|Any CPU.ActiveCfg = Debug|Any CPU
		{9875E40C-6609-4649-A620-0E495462F6E1}.Debug|Any CPU.Build.0 = Debug|Any CPU
		{9875E40C-6609-4649-A620-0E495462F6E1}.Release|Any CPU.ActiveCfg = Release|Any CPU
		{9875E40C-6609-4649-A620-0E495462F6E1}.Release|Any CPU.Build.0 = Release|Any CPU
		{16582104-A7CF-4BCF-9550-5F9095A57E60}.Debug|Any CPU.ActiveCfg = Debug|Any CPU
		{16582104-A7CF-4BCF-9550-5F9095A57E60}.Debug|Any CPU.Build.0 = Debug|Any CPU
		{16582104-A7CF-4BCF-9550-5F9095A57E60}.Release|Any CPU.ActiveCfg = Release|Any CPU
		{16582104-A7CF-4BCF-9550-5F9095A57E60}.Release|Any CPU.Build.0 = Release|Any CPU
		{766F17F2-306E-4E4B-89EB-75CDF2907F63}.Debug|Any CPU.ActiveCfg = Debug|Any CPU
		{766F17F2-306E-4E4B-89EB-75CDF2907F63}.Debug|Any CPU.Build.0 = Debug|Any CPU
		{766F17F2-306E-4E4B-89EB-75CDF2907F63}.Release|Any CPU.ActiveCfg = Release|Any CPU
		{766F17F2-306E-4E4B-89EB-75CDF2907F63}.Release|Any CPU.Build.0 = Release|Any CPU
		{BAD4BC26-CDE0-4F69-B35B-39A51871A407}.Debug|Any CPU.ActiveCfg = Debug|Any CPU
		{BAD4BC26-CDE0-4F69-B35B-39A51871A407}.Debug|Any CPU.Build.0 = Debug|Any CPU
		{BAD4BC26-CDE0-4F69-B35B-39A51871A407}.Release|Any CPU.ActiveCfg = Release|Any CPU
		{BAD4BC26-CDE0-4F69-B35B-39A51871A407}.Release|Any CPU.Build.0 = Release|Any CPU
		{D9BCFCDF-41B7-401A-994F-B7ABE1C35304}.Debug|Any CPU.ActiveCfg = Debug|Any CPU
		{D9BCFCDF-41B7-401A-994F-B7ABE1C35304}.Debug|Any CPU.Build.0 = Debug|Any CPU
		{D9BCFCDF-41B7-401A-994F-B7ABE1C35304}.Release|Any CPU.ActiveCfg = Release|Any CPU
		{D9BCFCDF-41B7-401A-994F-B7ABE1C35304}.Release|Any CPU.Build.0 = Release|Any CPU
	EndGlobalSection
	GlobalSection(SolutionProperties) = preSolution
		HideSolutionNode = FALSE
	EndGlobalSection
	GlobalSection(NestedProjects) = preSolution
		{F75685DD-8842-4FAF-86C6-44EA068CA851} = {4F91FD3F-1931-44A8-B52C-6CE105E2938A}
		{6AFF9C7E-1D2A-4DAA-9E4E-ADF0AF17F32C} = {4F91FD3F-1931-44A8-B52C-6CE105E2938A}
		{87D86346-A0D1-46FD-90A9-6F68BC1854A9} = {96BF39EA-937E-400B-AAE6-7729AEEFF976}
		{96CD75A9-DA18-4F3B-8FF0-BAB8F066322D} = {4F91FD3F-1931-44A8-B52C-6CE105E2938A}
		{A601929B-F1E4-460F-BABE-FC635E2543F2} = {96BF39EA-937E-400B-AAE6-7729AEEFF976}
		{5E3E2AEE-85BD-4CEA-A4E0-C39C55901F7E} = {4F91FD3F-1931-44A8-B52C-6CE105E2938A}
		{6B823AD1-EEC1-4865-BBED-DFFE9C1E18BD} = {96BF39EA-937E-400B-AAE6-7729AEEFF976}
		{88A49B67-50CB-4268-812E-107500595E86} = {96BF39EA-937E-400B-AAE6-7729AEEFF976}
		{82C0A0F3-5E12-4059-966D-E1D0950A47E0} = {96BF39EA-937E-400B-AAE6-7729AEEFF976}
		{671BAD05-8FBD-4323-AA59-FF36AC9BD107} = {0F3FF23F-FB1B-4D8E-AC2D-830382C3B933}
		{0DA4F2B6-45D1-4831-8066-3FA7B0E8C073} = {4F91FD3F-1931-44A8-B52C-6CE105E2938A}
		{12E64A81-6DE6-4189-828B-038E90D3F663} = {4F91FD3F-1931-44A8-B52C-6CE105E2938A}
		{AAECCC64-40DD-4E26-9D5C-4F31CBF1EB07} = {96BF39EA-937E-400B-AAE6-7729AEEFF976}
		{9875E40C-6609-4649-A620-0E495462F6E1} = {2F6E59E5-43E9-4853-A57D-7F0F6B979879}
		{16582104-A7CF-4BCF-9550-5F9095A57E60} = {4F91FD3F-1931-44A8-B52C-6CE105E2938A}
		{766F17F2-306E-4E4B-89EB-75CDF2907F63} = {4F91FD3F-1931-44A8-B52C-6CE105E2938A}
		{BAD4BC26-CDE0-4F69-B35B-39A51871A407} = {96BF39EA-937E-400B-AAE6-7729AEEFF976}
		{D9BCFCDF-41B7-401A-994F-B7ABE1C35304} = {4F91FD3F-1931-44A8-B52C-6CE105E2938A}
	EndGlobalSection
	GlobalSection(ExtensibilityGlobals) = postSolution
		SolutionGuid = {E273F519-B658-4F1C-8132-DF78A841A592}
	EndGlobalSection
EndGlobal
