
Microsoft Visual Studio Solution File, Format Version 12.00
# Visual Studio Version 17
VisualStudioVersion = 17.1.32319.34
MinimumVisualStudioVersion = 10.0.40219.1
Project("{2150E333-8FDC-42A3-9474-1A3956D46DE8}") = "Src", "Src", "{4F91FD3F-1931-44A8-B52C-6CE105E2938A}"
EndProject
Project("{9A19103F-16F7-4668-BE54-9A1E7A4F7556}") = "ManiaAPI.NadeoAPI", "Src\ManiaAPI.NadeoAPI\ManiaAPI.NadeoAPI.csproj", "{F75685DD-8842-4FAF-86C6-44EA068CA851}"
EndProject
Project("{9A19103F-16F7-4668-BE54-9A1E7A4F7556}") = "ManiaAPI.TrackmaniaIO", "Src\ManiaAPI.TrackmaniaIO\ManiaAPI.TrackmaniaIO.csproj", "{6AFF9C7E-1D2A-4DAA-9E4E-ADF0AF17F32C}"
EndProject
Project("{9A19103F-16F7-4668-BE54-9A1E7A4F7556}") = "ManiaAPI.XmlRpc", "Src\ManiaAPI.XmlRpc\ManiaAPI.XmlRpc.csproj", "{2FE65409-3EC2-473A-A68C-56747224A77A}"
EndProject
Project("{2150E333-8FDC-42A3-9474-1A3956D46DE8}") = "Tests", "Tests", "{96BF39EA-937E-400B-AAE6-7729AEEFF976}"
EndProject
Project("{9A19103F-16F7-4668-BE54-9A1E7A4F7556}") = "ManiaAPI.TrackmaniaIO.Tests", "Tests\ManiaAPI.TrackmaniaIO.Tests\ManiaAPI.TrackmaniaIO.Tests.csproj", "{87D86346-A0D1-46FD-90A9-6F68BC1854A9}"
EndProject
Project("{9A19103F-16F7-4668-BE54-9A1E7A4F7556}") = "ManiaAPI.TMX", "Src\ManiaAPI.TMX\ManiaAPI.TMX.csproj", "{96CD75A9-DA18-4F3B-8FF0-BAB8F066322D}"
EndProject
Project("{FAE04EC0-301F-11D3-BF4B-00C04F79EFBC}") = "ManiaAPI.Base", "Src\ManiaAPI.Base\ManiaAPI.Base.csproj", "{259CA341-147B-44C3-8640-E37FDED83EE1}"
EndProject
Project("{2150E333-8FDC-42A3-9474-1A3956D46DE8}") = "Solution Items", "Solution Items", "{1A89C5C0-0A74-4955-AC0B-3D11A4781AA0}"
	ProjectSection(SolutionItems) = preProject
		README.md = README.md
	EndProjectSection
EndProject
Project("{FAE04EC0-301F-11D3-BF4B-00C04F79EFBC}") = "ManiaAPI.NadeoAPI.Tests", "Tests\ManiaAPI.NadeoAPI.Tests\ManiaAPI.NadeoAPI.Tests.csproj", "{A601929B-F1E4-460F-BABE-FC635E2543F2}"
EndProject
Global
	GlobalSection(SolutionConfigurationPlatforms) = preSolution
		Debug|Any CPU = Debug|Any CPU
		Release|Any CPU = Release|Any CPU
	EndGlobalSection
	GlobalSection(ProjectConfigurationPlatforms) = postSolution
		{F75685DD-8842-4FAF-86C6-44EA068CA851}.Debug|Any CPU.ActiveCfg = Debug|Any CPU
		{F75685DD-8842-4FAF-86C6-44EA068CA851}.Debug|Any CPU.Build.0 = Debug|Any CPU
		{F75685DD-8842-4FAF-86C6-44EA068CA851}.Release|Any CPU.ActiveCfg = Release|Any CPU
		{F75685DD-8842-4FAF-86C6-44EA068CA851}.Release|Any CPU.Build.0 = Release|Any CPU
		{6AFF9C7E-1D2A-4DAA-9E4E-ADF0AF17F32C}.Debug|Any CPU.ActiveCfg = Debug|Any CPU
		{6AFF9C7E-1D2A-4DAA-9E4E-ADF0AF17F32C}.Debug|Any CPU.Build.0 = Debug|Any CPU
		{6AFF9C7E-1D2A-4DAA-9E4E-ADF0AF17F32C}.Release|Any CPU.ActiveCfg = Release|Any CPU
		{6AFF9C7E-1D2A-4DAA-9E4E-ADF0AF17F32C}.Release|Any CPU.Build.0 = Release|Any CPU
		{2FE65409-3EC2-473A-A68C-56747224A77A}.Debug|Any CPU.ActiveCfg = Debug|Any CPU
		{2FE65409-3EC2-473A-A68C-56747224A77A}.Debug|Any CPU.Build.0 = Debug|Any CPU
		{2FE65409-3EC2-473A-A68C-56747224A77A}.Release|Any CPU.ActiveCfg = Release|Any CPU
		{2FE65409-3EC2-473A-A68C-56747224A77A}.Release|Any CPU.Build.0 = Release|Any CPU
		{87D86346-A0D1-46FD-90A9-6F68BC1854A9}.Debug|Any CPU.ActiveCfg = Debug|Any CPU
		{87D86346-A0D1-46FD-90A9-6F68BC1854A9}.Debug|Any CPU.Build.0 = Debug|Any CPU
		{87D86346-A0D1-46FD-90A9-6F68BC1854A9}.Release|Any CPU.ActiveCfg = Release|Any CPU
		{87D86346-A0D1-46FD-90A9-6F68BC1854A9}.Release|Any CPU.Build.0 = Release|Any CPU
		{96CD75A9-DA18-4F3B-8FF0-BAB8F066322D}.Debug|Any CPU.ActiveCfg = Debug|Any CPU
		{96CD75A9-DA18-4F3B-8FF0-BAB8F066322D}.Debug|Any CPU.Build.0 = Debug|Any CPU
		{96CD75A9-DA18-4F3B-8FF0-BAB8F066322D}.Release|Any CPU.ActiveCfg = Release|Any CPU
		{96CD75A9-DA18-4F3B-8FF0-BAB8F066322D}.Release|Any CPU.Build.0 = Release|Any CPU
		{259CA341-147B-44C3-8640-E37FDED83EE1}.Debug|Any CPU.ActiveCfg = Debug|Any CPU
		{259CA341-147B-44C3-8640-E37FDED83EE1}.Debug|Any CPU.Build.0 = Debug|Any CPU
		{259CA341-147B-44C3-8640-E37FDED83EE1}.Release|Any CPU.ActiveCfg = Release|Any CPU
		{259CA341-147B-44C3-8640-E37FDED83EE1}.Release|Any CPU.Build.0 = Release|Any CPU
		{A601929B-F1E4-460F-BABE-FC635E2543F2}.Debug|Any CPU.ActiveCfg = Debug|Any CPU
		{A601929B-F1E4-460F-BABE-FC635E2543F2}.Debug|Any CPU.Build.0 = Debug|Any CPU
		{A601929B-F1E4-460F-BABE-FC635E2543F2}.Release|Any CPU.ActiveCfg = Release|Any CPU
		{A601929B-F1E4-460F-BABE-FC635E2543F2}.Release|Any CPU.Build.0 = Release|Any CPU
	EndGlobalSection
	GlobalSection(SolutionProperties) = preSolution
		HideSolutionNode = FALSE
	EndGlobalSection
	GlobalSection(NestedProjects) = preSolution
		{F75685DD-8842-4FAF-86C6-44EA068CA851} = {4F91FD3F-1931-44A8-B52C-6CE105E2938A}
		{6AFF9C7E-1D2A-4DAA-9E4E-ADF0AF17F32C} = {4F91FD3F-1931-44A8-B52C-6CE105E2938A}
		{2FE65409-3EC2-473A-A68C-56747224A77A} = {4F91FD3F-1931-44A8-B52C-6CE105E2938A}
		{87D86346-A0D1-46FD-90A9-6F68BC1854A9} = {96BF39EA-937E-400B-AAE6-7729AEEFF976}
		{96CD75A9-DA18-4F3B-8FF0-BAB8F066322D} = {4F91FD3F-1931-44A8-B52C-6CE105E2938A}
		{259CA341-147B-44C3-8640-E37FDED83EE1} = {4F91FD3F-1931-44A8-B52C-6CE105E2938A}
		{A601929B-F1E4-460F-BABE-FC635E2543F2} = {96BF39EA-937E-400B-AAE6-7729AEEFF976}
	EndGlobalSection
	GlobalSection(ExtensibilityGlobals) = postSolution
		SolutionGuid = {E273F519-B658-4F1C-8132-DF78A841A592}
	EndGlobalSection
EndGlobal
